{
  "version": 4,
  "terraform_version": "1.13.3",
  "serial": 6,
  "lineage": "38ea1cac-484e-2a1b-beb9-a46fad485106",
  "outputs": {
    "cluster_name": {
      "value": "aks-vllm-eastus",
      "type": "string"
    }
  },
  "resources": [
    {
      "mode": "managed",
      "type": "azurerm_resource_group",
      "name": "rg",
      "provider": "provider[\"registry.terraform.io/hashicorp/azurerm\"]",
      "instances": [
        {
          "schema_version": 0,
          "attributes": {
            "id": "/subscriptions/dc5b3671-b355-47d9-af68-15fde399c101/resourceGroups/rg-aks-vllm-eastus",
            "location": "eastus",
            "managed_by": "",
            "name": "rg-aks-vllm-eastus",
            "tags": null,
            "timeouts": null
          },
          "sensitive_attributes": [],
          "identity_schema_version": 0,
          "private": "eyJlMmJmYjczMC1lY2FhLTExZTYtOGY4OC0zNDM2M2JjN2M0YzAiOnsiY3JlYXRlIjo1NDAwMDAwMDAwMDAwLCJkZWxldGUiOjU0MDAwMDAwMDAwMDAsInJlYWQiOjMwMDAwMDAwMDAwMCwidXBkYXRlIjo1NDAwMDAwMDAwMDAwfX0="
        }
      ]
    }
  ],
  "check_results": null
}
